<?xml version="1.0" encoding="utf-8"?>
<Project ToolsVersion="4.0" xmlns="http://schemas.microsoft.com/developer/msbuild/2003">
  <ItemGroup>
    <Filter Include="Source Files">
      <UniqueIdentifier>{4FC737F1-C7A5-4376-A066-2A32D752A2FF}</UniqueIdentifier>
      <Extensions>cpp;c;cc;cxx;def;odl;idl;hpj;bat;asm;asmx</Extensions>
    </Filter>
    <Filter Include="Header Files">
      <UniqueIdentifier>{93995380-89BD-4b04-88EB-625FBE52EBFB}</UniqueIdentifier>
      <Extensions>h;hh;hpp;hxx;hm;inl;inc;xsd</Extensions>
    </Filter>
    <Filter Include="Resource Files">
      <UniqueIdentifier>{67DA6AB6-F800-4c08-8B7A-83BB121AAD01}</UniqueIdentifier>
      <Extensions>rc;ico;cur;bmp;dlg;rc2;rct;bin;rgs;gif;jpg;jpeg;jpe;resx;tiff;tif;png;wav;mfcribbon-ms</Extensions>
    </Filter>
    <Filter Include="stb">
      <UniqueIdentifier>{ebdf1f9f-1888-4054-b977-21b0a01a8b5a}</UniqueIdentifier>
    </Filter>
    <Filter Include="include">
      <UniqueIdentifier>{83c4a798-3ea6-428b-8b1d-5b9dccec0989}</UniqueIdentifier>
    </Filter>
  </ItemGroup>
  <ItemGroup>
    <Text Include="ReadMe.txt" />
    <Text Include="res\fragment_shader2.txt">
      <Filter>Resource Files</Filter>
    </Text>
    <Text Include="res\vertex_shader2.txt">
      <Filter>Resource Files</Filter>
    </Text>
  </ItemGroup>
  <ItemGroup>
    <ClInclude Include="RDFViewer.h">
      <Filter>Header Files</Filter>
    </ClInclude>
    <ClInclude Include="stdafx.h">
      <Filter>Header Files</Filter>
    </ClInclude>
    <ClInclude Include="targetver.h">
      <Filter>Header Files</Filter>
    </ClInclude>
    <ClInclude Include="MainFrm.h">
      <Filter>Header Files</Filter>
    </ClInclude>
    <ClInclude Include="RDFViewerDoc.h">
      <Filter>Header Files</Filter>
    </ClInclude>
    <ClInclude Include="RDFViewerView.h">
      <Filter>Header Files</Filter>
    </ClInclude>
    <ClInclude Include="Resource.h">
      <Filter>Header Files</Filter>
    </ClInclude>
    <ClInclude Include="InstancesDialog.h">
      <Filter>Header Files</Filter>
    </ClInclude>
    <ClInclude Include="..\include\Text2RDF.h">
      <Filter>Header Files</Filter>
    </ClInclude>
    <ClInclude Include="..\3DEditor\conceptMesh.h">
      <Filter>Header Files</Filter>
    </ClInclude>
    <ClInclude Include="InstancesList.h">
      <Filter>Header Files</Filter>
    </ClInclude>
    <ClInclude Include="..\3DEditor\ProgressIndicator.h">
      <Filter>Header Files</Filter>
    </ClInclude>
    <ClInclude Include="..\stb\stb_image.h">
      <Filter>stb</Filter>
    </ClInclude>
    <ClInclude Include="..\include\_3DUtils.h">
      <Filter>include</Filter>
    </ClInclude>
    <ClInclude Include="..\include\_geometry.h">
      <Filter>include</Filter>
    </ClInclude>
    <ClInclude Include="..\include\_host.h">
      <Filter>include</Filter>
    </ClInclude>
    <ClInclude Include="..\include\_instance.h">
      <Filter>include</Filter>
    </ClInclude>
    <ClInclude Include="..\include\_material.h">
      <Filter>include</Filter>
    </ClInclude>
    <ClInclude Include="..\include\_mvc.h">
      <Filter>include</Filter>
    </ClInclude>
    <ClInclude Include="..\include\_oglUtils.h">
      <Filter>include</Filter>
    </ClInclude>
    <ClInclude Include="..\include\_ptr.h">
      <Filter>include</Filter>
    </ClInclude>
    <ClInclude Include="..\include\_quaterniond.h">
      <Filter>include</Filter>
    </ClInclude>
    <ClInclude Include="..\include\_rdf_geometry.h">
      <Filter>include</Filter>
    </ClInclude>
    <ClInclude Include="..\include\_rdf_instance.h">
      <Filter>include</Filter>
    </ClInclude>
    <ClInclude Include="..\include\_rdf_property.h">
      <Filter>include</Filter>
    </ClInclude>
    <ClInclude Include="..\include\_settings_storage.h">
      <Filter>include</Filter>
    </ClInclude>
    <ClInclude Include="..\include\ascii.h">
      <Filter>include</Filter>
    </ClInclude>
    <ClInclude Include="..\3DEditor\SearchTreeCtrlDialog.h">
      <Filter>Header Files</Filter>
    </ClInclude>
    <ClInclude Include="..\3DEditor\DesignTreeViewConsts.h">
      <Filter>Header Files</Filter>
    </ClInclude>
    <ClInclude Include="..\3DEditor\EditObjectPropertyDialog.h">
      <Filter>Header Files</Filter>
    </ClInclude>
    <ClInclude Include="..\3DEditor\RDFItem.h">
      <Filter>Header Files</Filter>
    </ClInclude>
    <ClInclude Include="..\3DEditor\NewInstanceDialog.h">
      <Filter>Header Files</Filter>
    </ClInclude>
    <ClInclude Include="..\3DEditor\TreeCtrlEx.h">
      <Filter>Header Files</Filter>
    </ClInclude>
    <ClInclude Include="..\include\_rdf_mvc.h">
      <Filter>include</Filter>
    </ClInclude>
    <ClInclude Include="..\include\_rdf_class.h">
      <Filter>include</Filter>
    </ClInclude>
    <ClInclude Include="..\include\_text_builder.h">
      <Filter>include</Filter>
    </ClInclude>
  </ItemGroup>
  <ItemGroup>
    <ClCompile Include="RDFViewer.cpp">
      <Filter>Source Files</Filter>
    </ClCompile>
    <ClCompile Include="stdafx.cpp">
      <Filter>Source Files</Filter>
    </ClCompile>
    <ClCompile Include="MainFrm.cpp">
      <Filter>Source Files</Filter>
    </ClCompile>
    <ClCompile Include="RDFViewerDoc.cpp">
      <Filter>Source Files</Filter>
    </ClCompile>
    <ClCompile Include="RDFViewerView.cpp">
      <Filter>Source Files</Filter>
    </ClCompile>
    <ClCompile Include="..\3DEditor\RDFModel.cpp">
      <Filter>Source Files</Filter>
    </ClCompile>
    <ClCompile Include="..\3DEditor\RDFController.cpp">
      <Filter>Source Files</Filter>
    </ClCompile>
    <ClCompile Include="InstancesDialog.cpp">
      <Filter>Source Files</Filter>
    </ClCompile>
    <ClCompile Include="..\3DEditor\conceptMesh.cpp">
      <Filter>Source Files</Filter>
    </ClCompile>
    <ClCompile Include="..\3DEditor\_dxf_parser.cpp">
      <Filter>Source Files</Filter>
    </ClCompile>
    <ClCompile Include="InstancesList.cpp">
      <Filter>Source Files</Filter>
    </ClCompile>
    <ClCompile Include="..\3DEditor\ProgressIndicator.cpp">
      <Filter>Source Files</Filter>
    </ClCompile>
    <ClCompile Include="..\stb\stb_image.cpp">
      <Filter>stb</Filter>
    </ClCompile>
    <ClCompile Include="..\3DEditor\ProgressDialog.cpp">
      <Filter>Source Files</Filter>
    </ClCompile>
    <ClCompile Include="..\3DEditor\RDFOpenGLView.cpp">
      <Filter>Source Files</Filter>
    </ClCompile>
    <ClCompile Include="..\include\_geometry.cpp">
      <Filter>include</Filter>
    </ClCompile>
    <ClCompile Include="..\include\_mvc.cpp">
      <Filter>include</Filter>
    </ClCompile>
    <ClCompile Include="..\include\_oglUtils.cpp">
      <Filter>include</Filter>
    </ClCompile>
    <ClCompile Include="..\include\_rdf_property.cpp">
      <Filter>include</Filter>
    </ClCompile>
    <ClCompile Include="..\3DEditor\SearchTreeCtrlDialog.cpp">
      <Filter>Source Files</Filter>
    </ClCompile>
    <ClCompile Include="..\3DEditor\EditObjectPropertyDialog.cpp">
      <Filter>Source Files</Filter>
    </ClCompile>
    <ClCompile Include="..\3DEditor\RDFItem.cpp">
      <Filter>Source Files</Filter>
    </ClCompile>
    <ClCompile Include="..\3DEditor\NewInstanceDialog.cpp">
      <Filter>Source Files</Filter>
    </ClCompile>
    <ClCompile Include="..\3DEditor\TreeCtrlEx.cpp">
      <Filter>Source Files</Filter>
    </ClCompile>
    <ClCompile Include="..\3DEditor\RenameDialog.cpp">
      <Filter>Source Files</Filter>
    </ClCompile>
    <ClCompile Include="..\include\_rdf_geometry.cpp">
      <Filter>include</Filter>
    </ClCompile>
    <ClCompile Include="..\include\_rdf_instance.cpp">
      <Filter>include</Filter>
    </ClCompile>
    <ClCompile Include="..\include\_rdf_mvc.cpp">
      <Filter>include</Filter>
    </ClCompile>
    <ClCompile Include="..\include\_rdf_class.cpp">
      <Filter>include</Filter>
    </ClCompile>
  </ItemGroup>
  <ItemGroup>
    <None Include="res\RDFViewer.rc2">
      <Filter>Resource Files</Filter>
    </None>
    <None Include="RDFViewer.reg">
      <Filter>Resource Files</Filter>
    </None>
  </ItemGroup>
  <ItemGroup>
    <ResourceCompile Include="RDFViewer.rc">
      <Filter>Resource Files</Filter>
    </ResourceCompile>
  </ItemGroup>
  <ItemGroup>
    <Image Include="UserImages.bmp">
      <Filter>Resource Files</Filter>
    </Image>
    <Image Include="res\RDFViewerDoc.ico">
      <Filter>Resource Files</Filter>
    </Image>
    <Image Include="res\RDFViewer.ico">
      <Filter>Resource Files</Filter>
    </Image>
    <Image Include="res\Toolbar.bmp">
      <Filter>Resource Files</Filter>
    </Image>
    <Image Include="res\Toolbar256.bmp">
      <Filter>Resource Files</Filter>
    </Image>
  </ItemGroup>
</Project>