<?xml version="1.0" encoding="utf-8"?>
<Project ToolsVersion="4.0" xmlns="http://schemas.microsoft.com/developer/msbuild/2003">
  <ItemGroup>
    <Filter Include="Source Files">
      <UniqueIdentifier>{4FC737F1-C7A5-4376-A066-2A32D752A2FF}</UniqueIdentifier>
      <Extensions>cpp;c;cc;cxx;def;odl;idl;hpj;bat;asm;asmx</Extensions>
    </Filter>
    <Filter Include="Header Files">
      <UniqueIdentifier>{93995380-89BD-4b04-88EB-625FBE52EBFB}</UniqueIdentifier>
      <Extensions>h;hh;hpp;hxx;hm;inl;inc;xsd</Extensions>
    </Filter>
    <Filter Include="Resource Files">
      <UniqueIdentifier>{67DA6AB6-F800-4c08-8B7A-83BB121AAD01}</UniqueIdentifier>
      <Extensions>rc;ico;cur;bmp;dlg;rc2;rct;bin;rgs;gif;jpg;jpeg;jpe;resx;tiff;tif;png;wav;mfcribbon-ms</Extensions>
    </Filter>
    <Filter Include="JpegLoader">
      <UniqueIdentifier>{add434bf-3b2a-4f78-bc1f-4ed5064e53c6}</UniqueIdentifier>
    </Filter>
    <Filter Include="JpegLoader\LibJpeg">
      <UniqueIdentifier>{3f40a86b-e84d-4f12-8020-1c80aa234e01}</UniqueIdentifier>
    </Filter>
    <Filter Include="stb">
      <UniqueIdentifier>{ebdf1f9f-1888-4054-b977-21b0a01a8b5a}</UniqueIdentifier>
    </Filter>
  </ItemGroup>
  <ItemGroup>
    <Text Include="ReadMe.txt" />
    <Text Include="res\fragment_shader2.txt" />
    <Text Include="res\vertex_shader2.txt" />
  </ItemGroup>
  <ItemGroup>
    <ClInclude Include="RDFViewer.h">
      <Filter>Header Files</Filter>
    </ClInclude>
    <ClInclude Include="stdafx.h">
      <Filter>Header Files</Filter>
    </ClInclude>
    <ClInclude Include="targetver.h">
      <Filter>Header Files</Filter>
    </ClInclude>
    <ClInclude Include="MainFrm.h">
      <Filter>Header Files</Filter>
    </ClInclude>
    <ClInclude Include="RDFViewerDoc.h">
      <Filter>Header Files</Filter>
    </ClInclude>
    <ClInclude Include="RDFViewerView.h">
      <Filter>Header Files</Filter>
    </ClInclude>
    <ClInclude Include="Resource.h">
      <Filter>Header Files</Filter>
    </ClInclude>
    <ClInclude Include="InstancesDialog.h">
      <Filter>Header Files</Filter>
    </ClInclude>
    <ClInclude Include="..\include\RDFMeasurementsBuilder.h">
      <Filter>Header Files</Filter>
    </ClInclude>
    <ClInclude Include="..\include\Text2RDF.h">
      <Filter>Header Files</Filter>
    </ClInclude>
    <ClInclude Include="..\3DEditor\UndefinedRDFProperty.h">
      <Filter>Header Files</Filter>
    </ClInclude>
    <ClInclude Include="..\3DEditor\CityGMLParser.h">
      <Filter>Header Files</Filter>
    </ClInclude>
    <ClInclude Include="..\3DEditor\conceptMesh.h">
      <Filter>Header Files</Filter>
    </ClInclude>
    <ClInclude Include="InstancesList.h">
      <Filter>Header Files</Filter>
    </ClInclude>
    <ClInclude Include="..\3DEditor\ProgressIndicator.h">
      <Filter>Header Files</Filter>
    </ClInclude>
    <ClInclude Include="..\stb\stb_image.h">
      <Filter>stb</Filter>
    </ClInclude>
  </ItemGroup>
  <ItemGroup>
    <ClCompile Include="RDFViewer.cpp">
      <Filter>Source Files</Filter>
    </ClCompile>
    <ClCompile Include="stdafx.cpp">
      <Filter>Source Files</Filter>
    </ClCompile>
    <ClCompile Include="MainFrm.cpp">
      <Filter>Source Files</Filter>
    </ClCompile>
    <ClCompile Include="RDFViewerDoc.cpp">
      <Filter>Source Files</Filter>
    </ClCompile>
    <ClCompile Include="RDFViewerView.cpp">
      <Filter>Source Files</Filter>
    </ClCompile>
    <ClCompile Include="..\3DEditor\RDFModel.cpp">
      <Filter>Source Files</Filter>
    </ClCompile>
    <ClCompile Include="..\3DEditor\RDFClass.cpp">
      <Filter>Source Files</Filter>
    </ClCompile>
    <ClCompile Include="..\3DEditor\RDFController.cpp">
      <Filter>Source Files</Filter>
    </ClCompile>
    <ClCompile Include="..\3DEditor\RDFPropertyRestriction.cpp">
      <Filter>Source Files</Filter>
    </ClCompile>
    <ClCompile Include="..\3DEditor\RDFInstance.cpp">
      <Filter>Source Files</Filter>
    </ClCompile>
    <ClCompile Include="..\3DEditor\Texture.cpp">
      <Filter>Source Files</Filter>
    </ClCompile>
    <ClCompile Include="..\3DEditor\ObjectRDFProperty.cpp">
      <Filter>Source Files</Filter>
    </ClCompile>
    <ClCompile Include="..\3DEditor\BoolRDFProperty.cpp">
      <Filter>Source Files</Filter>
    </ClCompile>
    <ClCompile Include="..\3DEditor\DoubleRDFProperty.cpp">
      <Filter>Source Files</Filter>
    </ClCompile>
    <ClCompile Include="..\3DEditor\IntRDFProperty.cpp">
      <Filter>Source Files</Filter>
    </ClCompile>
    <ClCompile Include="..\3DEditor\RDFProperty.cpp">
      <Filter>Source Files</Filter>
    </ClCompile>
    <ClCompile Include="..\3DEditor\StringRDFProperty.cpp">
      <Filter>Source Files</Filter>
    </ClCompile>
    <ClCompile Include="..\3DEditor\RDFView.cpp">
      <Filter>Source Files</Filter>
    </ClCompile>
    <ClCompile Include="..\3DEditor\OpenGLRDFView.cpp">
      <Filter>Source Files</Filter>
    </ClCompile>
    <ClCompile Include="InstancesDialog.cpp">
      <Filter>Source Files</Filter>
    </ClCompile>
    <ClCompile Include="..\include\RDFMeasurementsBuilder.cpp">
      <Filter>Source Files</Filter>
    </ClCompile>
    <ClCompile Include="..\include\Text2RDF.cpp">
      <Filter>Source Files</Filter>
    </ClCompile>
    <ClCompile Include="..\3DEditor\CUniqueVerticesCheck.cpp">
      <Filter>Source Files</Filter>
    </ClCompile>
    <ClCompile Include="..\3DEditor\UndefinedRDFProperty.cpp">
      <Filter>Source Files</Filter>
    </ClCompile>
    <ClCompile Include="..\3DEditor\CityGMLParser.cpp">
      <Filter>Source Files</Filter>
    </ClCompile>
    <ClCompile Include="..\3DEditor\conceptMesh.cpp">
      <Filter>Source Files</Filter>
    </ClCompile>
    <ClCompile Include="..\3DEditor\_dxf_parser.cpp">
      <Filter>Source Files</Filter>
    </ClCompile>
    <ClCompile Include="InstancesList.cpp">
      <Filter>Source Files</Filter>
    </ClCompile>
    <ClCompile Include="..\3DEditor\ProgressIndicator.cpp">
      <Filter>Source Files</Filter>
    </ClCompile>
    <ClCompile Include="..\JpegLoader\JpegLoader.cpp">
      <Filter>JpegLoader</Filter>
    </ClCompile>
    <ClCompile Include="..\JpegLoader\LibJpeg\jaricom.c">
      <Filter>JpegLoader\LibJpeg</Filter>
    </ClCompile>
    <ClCompile Include="..\JpegLoader\LibJpeg\jcapimin.c">
      <Filter>JpegLoader\LibJpeg</Filter>
    </ClCompile>
    <ClCompile Include="..\JpegLoader\LibJpeg\jcapistd.c">
      <Filter>JpegLoader\LibJpeg</Filter>
    </ClCompile>
    <ClCompile Include="..\JpegLoader\LibJpeg\jcarith.c">
      <Filter>JpegLoader\LibJpeg</Filter>
    </ClCompile>
    <ClCompile Include="..\JpegLoader\LibJpeg\jccoefct.c">
      <Filter>JpegLoader\LibJpeg</Filter>
    </ClCompile>
    <ClCompile Include="..\JpegLoader\LibJpeg\jccolor.c">
      <Filter>JpegLoader\LibJpeg</Filter>
    </ClCompile>
    <ClCompile Include="..\JpegLoader\LibJpeg\jcdctmgr.c">
      <Filter>JpegLoader\LibJpeg</Filter>
    </ClCompile>
    <ClCompile Include="..\JpegLoader\LibJpeg\jchuff.c">
      <Filter>JpegLoader\LibJpeg</Filter>
    </ClCompile>
    <ClCompile Include="..\JpegLoader\LibJpeg\jcinit.c">
      <Filter>JpegLoader\LibJpeg</Filter>
    </ClCompile>
    <ClCompile Include="..\JpegLoader\LibJpeg\jcmainct.c">
      <Filter>JpegLoader\LibJpeg</Filter>
    </ClCompile>
    <ClCompile Include="..\JpegLoader\LibJpeg\jcmarker.c">
      <Filter>JpegLoader\LibJpeg</Filter>
    </ClCompile>
    <ClCompile Include="..\JpegLoader\LibJpeg\jcmaster.c">
      <Filter>JpegLoader\LibJpeg</Filter>
    </ClCompile>
    <ClCompile Include="..\JpegLoader\LibJpeg\jcomapi.c">
      <Filter>JpegLoader\LibJpeg</Filter>
    </ClCompile>
    <ClCompile Include="..\JpegLoader\LibJpeg\jcparam.c">
      <Filter>JpegLoader\LibJpeg</Filter>
    </ClCompile>
    <ClCompile Include="..\JpegLoader\LibJpeg\jcprepct.c">
      <Filter>JpegLoader\LibJpeg</Filter>
    </ClCompile>
    <ClCompile Include="..\JpegLoader\LibJpeg\jcsample.c">
      <Filter>JpegLoader\LibJpeg</Filter>
    </ClCompile>
    <ClCompile Include="..\JpegLoader\LibJpeg\jctrans.c">
      <Filter>JpegLoader\LibJpeg</Filter>
    </ClCompile>
    <ClCompile Include="..\JpegLoader\LibJpeg\jdapimin.c">
      <Filter>JpegLoader\LibJpeg</Filter>
    </ClCompile>
    <ClCompile Include="..\JpegLoader\LibJpeg\jdapistd.c">
      <Filter>JpegLoader\LibJpeg</Filter>
    </ClCompile>
    <ClCompile Include="..\JpegLoader\LibJpeg\jdarith.c">
      <Filter>JpegLoader\LibJpeg</Filter>
    </ClCompile>
    <ClCompile Include="..\JpegLoader\LibJpeg\jdatadst.c">
      <Filter>JpegLoader\LibJpeg</Filter>
    </ClCompile>
    <ClCompile Include="..\JpegLoader\LibJpeg\jdatasrc.c">
      <Filter>JpegLoader\LibJpeg</Filter>
    </ClCompile>
    <ClCompile Include="..\JpegLoader\LibJpeg\jdcoefct.c">
      <Filter>JpegLoader\LibJpeg</Filter>
    </ClCompile>
    <ClCompile Include="..\JpegLoader\LibJpeg\jdcolor.c">
      <Filter>JpegLoader\LibJpeg</Filter>
    </ClCompile>
    <ClCompile Include="..\JpegLoader\LibJpeg\jddctmgr.c">
      <Filter>JpegLoader\LibJpeg</Filter>
    </ClCompile>
    <ClCompile Include="..\JpegLoader\LibJpeg\jdhuff.c">
      <Filter>JpegLoader\LibJpeg</Filter>
    </ClCompile>
    <ClCompile Include="..\JpegLoader\LibJpeg\jdinput.c">
      <Filter>JpegLoader\LibJpeg</Filter>
    </ClCompile>
    <ClCompile Include="..\JpegLoader\LibJpeg\jdmainct.c">
      <Filter>JpegLoader\LibJpeg</Filter>
    </ClCompile>
    <ClCompile Include="..\JpegLoader\LibJpeg\jdmarker.c">
      <Filter>JpegLoader\LibJpeg</Filter>
    </ClCompile>
    <ClCompile Include="..\JpegLoader\LibJpeg\jdmaster.c">
      <Filter>JpegLoader\LibJpeg</Filter>
    </ClCompile>
    <ClCompile Include="..\JpegLoader\LibJpeg\jdmerge.c">
      <Filter>JpegLoader\LibJpeg</Filter>
    </ClCompile>
    <ClCompile Include="..\JpegLoader\LibJpeg\jdpostct.c">
      <Filter>JpegLoader\LibJpeg</Filter>
    </ClCompile>
    <ClCompile Include="..\JpegLoader\LibJpeg\jdsample.c">
      <Filter>JpegLoader\LibJpeg</Filter>
    </ClCompile>
    <ClCompile Include="..\JpegLoader\LibJpeg\jdtrans.c">
      <Filter>JpegLoader\LibJpeg</Filter>
    </ClCompile>
    <ClCompile Include="..\JpegLoader\LibJpeg\jerror.c">
      <Filter>JpegLoader\LibJpeg</Filter>
    </ClCompile>
    <ClCompile Include="..\JpegLoader\LibJpeg\jfdctflt.c">
      <Filter>JpegLoader\LibJpeg</Filter>
    </ClCompile>
    <ClCompile Include="..\JpegLoader\LibJpeg\jfdctfst.c">
      <Filter>JpegLoader\LibJpeg</Filter>
    </ClCompile>
    <ClCompile Include="..\JpegLoader\LibJpeg\jfdctint.c">
      <Filter>JpegLoader\LibJpeg</Filter>
    </ClCompile>
    <ClCompile Include="..\JpegLoader\LibJpeg\jidctflt.c">
      <Filter>JpegLoader\LibJpeg</Filter>
    </ClCompile>
    <ClCompile Include="..\JpegLoader\LibJpeg\jidctfst.c">
      <Filter>JpegLoader\LibJpeg</Filter>
    </ClCompile>
    <ClCompile Include="..\JpegLoader\LibJpeg\jidctint.c">
      <Filter>JpegLoader\LibJpeg</Filter>
    </ClCompile>
    <ClCompile Include="..\JpegLoader\LibJpeg\jmemmgr.c">
      <Filter>JpegLoader\LibJpeg</Filter>
    </ClCompile>
    <ClCompile Include="..\JpegLoader\LibJpeg\jmemnobs.c">
      <Filter>JpegLoader\LibJpeg</Filter>
    </ClCompile>
    <ClCompile Include="..\JpegLoader\LibJpeg\jquant1.c">
      <Filter>JpegLoader\LibJpeg</Filter>
    </ClCompile>
    <ClCompile Include="..\JpegLoader\LibJpeg\jquant2.c">
      <Filter>JpegLoader\LibJpeg</Filter>
    </ClCompile>
    <ClCompile Include="..\JpegLoader\LibJpeg\jutils.c">
      <Filter>JpegLoader\LibJpeg</Filter>
    </ClCompile>
    <ClCompile Include="..\stb\stb_image.cpp">
      <Filter>stb</Filter>
    </ClCompile>
  </ItemGroup>
  <ItemGroup>
    <None Include="RDFViewer.reg" />
    <None Include="res\RDFViewer.rc2">
      <Filter>Resource Files</Filter>
    </None>
  </ItemGroup>
  <ItemGroup>
    <ResourceCompile Include="RDFViewer.rc">
      <Filter>Resource Files</Filter>
    </ResourceCompile>
  </ItemGroup>
  <ItemGroup>
    <Image Include="UserImages.bmp">
      <Filter>Resource Files</Filter>
    </Image>
    <Image Include="res\RDFViewerDoc.ico">
      <Filter>Resource Files</Filter>
    </Image>
    <Image Include="res\RDFViewer.ico">
      <Filter>Resource Files</Filter>
    </Image>
    <Image Include="res\Toolbar.bmp">
      <Filter>Resource Files</Filter>
    </Image>
    <Image Include="res\Toolbar256.bmp">
      <Filter>Resource Files</Filter>
    </Image>
  </ItemGroup>
</Project>