<?xml version="1.0" encoding="utf-8"?>
<Project ToolsVersion="4.0" xmlns="http://schemas.microsoft.com/developer/msbuild/2003">
  <ItemGroup>
    <Filter Include="Source Files">
      <UniqueIdentifier>{4FC737F1-C7A5-4376-A066-2A32D752A2FF}</UniqueIdentifier>
      <Extensions>cpp;c;cc;cxx;def;odl;idl;hpj;bat;asm;asmx</Extensions>
    </Filter>
    <Filter Include="Header Files">
      <UniqueIdentifier>{93995380-89BD-4b04-88EB-625FBE52EBFB}</UniqueIdentifier>
      <Extensions>h;hh;hpp;hxx;hm;inl;inc;xsd</Extensions>
    </Filter>
    <Filter Include="Resource Files">
      <UniqueIdentifier>{67DA6AB6-F800-4c08-8B7A-83BB121AAD01}</UniqueIdentifier>
      <Extensions>rc;ico;cur;bmp;dlg;rc2;rct;bin;rgs;gif;jpg;jpeg;jpe;resx;tiff;tif;png;wav;mfcribbon-ms</Extensions>
    </Filter>
    <Filter Include="stb">
      <UniqueIdentifier>{a8a477c5-cceb-42de-b704-85cdf4ba14bc}</UniqueIdentifier>
    </Filter>
  </ItemGroup>
  <ItemGroup>
    <Text Include="ReadMe.txt" />
    <Text Include="res\vertex_shader2.txt" />
    <Text Include="res\fragment_shader2.txt" />
  </ItemGroup>
  <ItemGroup>
    <ClInclude Include="3DEditor.h">
      <Filter>Header Files</Filter>
    </ClInclude>
    <ClInclude Include="stdafx.h">
      <Filter>Header Files</Filter>
    </ClInclude>
    <ClInclude Include="targetver.h">
      <Filter>Header Files</Filter>
    </ClInclude>
    <ClInclude Include="MainFrm.h">
      <Filter>Header Files</Filter>
    </ClInclude>
    <ClInclude Include="3DEditorDoc.h">
      <Filter>Header Files</Filter>
    </ClInclude>
    <ClInclude Include="3DEditorView.h">
      <Filter>Header Files</Filter>
    </ClInclude>
    <ClInclude Include="Resource.h">
      <Filter>Header Files</Filter>
    </ClInclude>
    <ClInclude Include="DesignTreeView.h">
      <Filter>Header Files</Filter>
    </ClInclude>
    <ClInclude Include="ClassView.h">
      <Filter>Header Files</Filter>
    </ClInclude>
    <ClInclude Include="PropertiesWnd.h">
      <Filter>Header Files</Filter>
    </ClInclude>
    <ClInclude Include="RDFModel.h">
      <Filter>Header Files</Filter>
    </ClInclude>
    <ClInclude Include="RDFClass.h">
      <Filter>Header Files</Filter>
    </ClInclude>
    <ClInclude Include="RDFProperty.h">
      <Filter>Header Files</Filter>
    </ClInclude>
    <ClInclude Include="IntRDFProperty.h">
      <Filter>Header Files</Filter>
    </ClInclude>
    <ClInclude Include="DoubleRDFProperty.h">
      <Filter>Header Files</Filter>
    </ClInclude>
    <ClInclude Include="StringRDFProperty.h">
      <Filter>Header Files</Filter>
    </ClInclude>
    <ClInclude Include="ObjectRDFProperty.h">
      <Filter>Header Files</Filter>
    </ClInclude>
    <ClInclude Include="BoolRDFProperty.h">
      <Filter>Header Files</Filter>
    </ClInclude>
    <ClInclude Include="RDFPropertyRestriction.h">
      <Filter>Header Files</Filter>
    </ClInclude>
    <ClInclude Include="RDFController.h">
      <Filter>Header Files</Filter>
    </ClInclude>
    <ClInclude Include="RDFView.h">
      <Filter>Header Files</Filter>
    </ClInclude>
    <ClInclude Include="Generic.h">
      <Filter>Header Files</Filter>
    </ClInclude>
    <ClInclude Include="RDFInstance.h">
      <Filter>Header Files</Filter>
    </ClInclude>
    <ClInclude Include="OpenGLRDFView.h">
      <Filter>Header Files</Filter>
    </ClInclude>
    <ClInclude Include="RDFItem.h">
      <Filter>Header Files</Filter>
    </ClInclude>
    <ClInclude Include="RDFPropertyItem.h">
      <Filter>Header Files</Filter>
    </ClInclude>
    <ClInclude Include="RDFInstanceItem.h">
      <Filter>Header Files</Filter>
    </ClInclude>
    <ClInclude Include="EditObjectPropertyDialog.h">
      <Filter>Header Files</Filter>
    </ClInclude>
    <ClInclude Include="NewInstanceDialog.h">
      <Filter>Header Files</Filter>
    </ClInclude>
    <ClInclude Include="Texture.h">
      <Filter>Header Files</Filter>
    </ClInclude>
    <ClInclude Include="Octree.h">
      <Filter>Header Files</Filter>
    </ClInclude>
    <ClInclude Include="CUniqueVerticesCheck.h">
      <Filter>Header Files</Filter>
    </ClInclude>
    <ClInclude Include="UniqueVerticesCheckE0.h">
      <Filter>Header Files</Filter>
    </ClInclude>
    <ClInclude Include="DesignTreeViewConsts.h">
      <Filter>Header Files</Filter>
    </ClInclude>
    <ClInclude Include="ClassViewConsts.h">
      <Filter>Header Files</Filter>
    </ClInclude>
    <ClInclude Include="SelectInstanceDialog.h">
      <Filter>Header Files</Filter>
    </ClInclude>
    <ClInclude Include="Vector.h">
      <Filter>Header Files</Filter>
    </ClInclude>
    <ClInclude Include="UndefinedRDFProperty.h">
      <Filter>Header Files</Filter>
    </ClInclude>
    <ClInclude Include="TestManager.h">
      <Filter>Header Files</Filter>
    </ClInclude>
    <ClInclude Include="Test.h">
      <Filter>Header Files</Filter>
    </ClInclude>
    <ClInclude Include="TestHtmlReport.h">
      <Filter>Header Files</Filter>
    </ClInclude>
    <ClInclude Include="conceptMesh.h">
      <Filter>Header Files</Filter>
    </ClInclude>
    <ClInclude Include="_dxf_parser.h">
      <Filter>Header Files</Filter>
    </ClInclude>
    <ClInclude Include="_material.h">
      <Filter>Header Files</Filter>
    </ClInclude>
    <ClInclude Include="_geometry.h">
      <Filter>Header Files</Filter>
    </ClInclude>
    <ClInclude Include="_oglUtils.h">
      <Filter>Header Files</Filter>
    </ClInclude>
    <ClInclude Include="ProgressIndicator.h">
      <Filter>Header Files</Filter>
    </ClInclude>
    <ClInclude Include="..\stb\stb_image.h">
      <Filter>stb</Filter>
    </ClInclude>
    <ClInclude Include="..\stb\stb_easy_font.h">
      <Filter>stb</Filter>
    </ClInclude>
    <ClInclude Include="SearchTreeCtrlDialog.h">
      <Filter>Header Files</Filter>
    </ClInclude>
    <ClInclude Include="TreeCtrlEx.h">
      <Filter>Header Files</Filter>
    </ClInclude>
    <ClInclude Include="RenameDialog.h">
      <Filter>Header Files</Filter>
    </ClInclude>
    <ClInclude Include="ProgressDialog.h">
      <Filter>Header Files</Filter>
    </ClInclude>
    <ClInclude Include="TextBuilder.h">
      <Filter>Header Files</Filter>
    </ClInclude>
  </ItemGroup>
  <ItemGroup>
    <ClCompile Include="3DEditor.cpp">
      <Filter>Source Files</Filter>
    </ClCompile>
    <ClCompile Include="stdafx.cpp">
      <Filter>Source Files</Filter>
    </ClCompile>
    <ClCompile Include="MainFrm.cpp">
      <Filter>Source Files</Filter>
    </ClCompile>
    <ClCompile Include="3DEditorDoc.cpp">
      <Filter>Source Files</Filter>
    </ClCompile>
    <ClCompile Include="3DEditorView.cpp">
      <Filter>Source Files</Filter>
    </ClCompile>
    <ClCompile Include="DesignTreeView.cpp">
      <Filter>Source Files</Filter>
    </ClCompile>
    <ClCompile Include="ClassView.cpp">
      <Filter>Source Files</Filter>
    </ClCompile>
    <ClCompile Include="PropertiesWnd.cpp">
      <Filter>Source Files</Filter>
    </ClCompile>
    <ClCompile Include="RDFModel.cpp">
      <Filter>Source Files</Filter>
    </ClCompile>
    <ClCompile Include="RDFClass.cpp">
      <Filter>Source Files</Filter>
    </ClCompile>
    <ClCompile Include="RDFProperty.cpp">
      <Filter>Source Files</Filter>
    </ClCompile>
    <ClCompile Include="IntRDFProperty.cpp">
      <Filter>Source Files</Filter>
    </ClCompile>
    <ClCompile Include="DoubleRDFProperty.cpp">
      <Filter>Source Files</Filter>
    </ClCompile>
    <ClCompile Include="StringRDFProperty.cpp">
      <Filter>Source Files</Filter>
    </ClCompile>
    <ClCompile Include="ObjectRDFProperty.cpp">
      <Filter>Source Files</Filter>
    </ClCompile>
    <ClCompile Include="BoolRDFProperty.cpp">
      <Filter>Source Files</Filter>
    </ClCompile>
    <ClCompile Include="RDFPropertyRestriction.cpp">
      <Filter>Source Files</Filter>
    </ClCompile>
    <ClCompile Include="RDFController.cpp">
      <Filter>Source Files</Filter>
    </ClCompile>
    <ClCompile Include="RDFView.cpp">
      <Filter>Source Files</Filter>
    </ClCompile>
    <ClCompile Include="RDFInstance.cpp">
      <Filter>Source Files</Filter>
    </ClCompile>
    <ClCompile Include="OpenGLRDFView.cpp">
      <Filter>Source Files</Filter>
    </ClCompile>
    <ClCompile Include="RDFItem.cpp">
      <Filter>Source Files</Filter>
    </ClCompile>
    <ClCompile Include="RDFPropertyItem.cpp">
      <Filter>Source Files</Filter>
    </ClCompile>
    <ClCompile Include="RDFInstanceItem.cpp">
      <Filter>Source Files</Filter>
    </ClCompile>
    <ClCompile Include="EditObjectPropertyDialog.cpp">
      <Filter>Source Files</Filter>
    </ClCompile>
    <ClCompile Include="NewInstanceDialog.cpp">
      <Filter>Source Files</Filter>
    </ClCompile>
    <ClCompile Include="Texture.cpp">
      <Filter>Source Files</Filter>
    </ClCompile>
    <ClCompile Include="CUniqueVerticesCheck.cpp">
      <Filter>Source Files</Filter>
    </ClCompile>
    <ClCompile Include="UniqueVerticesCheckE0.cpp">
      <Filter>Source Files</Filter>
    </ClCompile>
    <ClCompile Include="SelectInstanceDialog.cpp">
      <Filter>Source Files</Filter>
    </ClCompile>
    <ClCompile Include="UndefinedRDFProperty.cpp">
      <Filter>Source Files</Filter>
    </ClCompile>
    <ClCompile Include="TestManager.cpp">
      <Filter>Source Files</Filter>
    </ClCompile>
    <ClCompile Include="Test.cpp">
      <Filter>Source Files</Filter>
    </ClCompile>
    <ClCompile Include="TestHtmlReport.cpp">
      <Filter>Source Files</Filter>
    </ClCompile>
    <ClCompile Include="conceptMesh.cpp">
      <Filter>Source Files</Filter>
    </ClCompile>
    <ClCompile Include="_dxf_parser.cpp">
      <Filter>Source Files</Filter>
    </ClCompile>
    <ClCompile Include="ProgressIndicator.cpp">
      <Filter>Source Files</Filter>
    </ClCompile>
    <ClCompile Include="..\stb\stb_image.cpp">
      <Filter>stb</Filter>
    </ClCompile>
    <ClCompile Include="SearchTreeCtrlDialog.cpp">
      <Filter>Source Files</Filter>
    </ClCompile>
    <ClCompile Include="TreeCtrlEx.cpp">
      <Filter>Source Files</Filter>
    </ClCompile>
    <ClCompile Include="RenameDialog.cpp">
      <Filter>Source Files</Filter>
    </ClCompile>
    <ClCompile Include="ProgressDialog.cpp">
      <Filter>Source Files</Filter>
    </ClCompile>
    <ClCompile Include="TextBuilder.cpp">
      <Filter>Source Files</Filter>
    </ClCompile>
  </ItemGroup>
  <ItemGroup>
    <ResourceCompile Include="3DEditor.rc">
      <Filter>Resource Files</Filter>
    </ResourceCompile>
  </ItemGroup>
  <ItemGroup>
    <Image Include="res\file_view.ico">
      <Filter>Resource Files</Filter>
    </Image>
    <Image Include="res\file_view_hc.ico">
      <Filter>Resource Files</Filter>
    </Image>
    <Image Include="res\class_view.ico">
      <Filter>Resource Files</Filter>
    </Image>
    <Image Include="res\class_view_hc.ico">
      <Filter>Resource Files</Filter>
    </Image>
    <Image Include="res\fileview.bmp">
      <Filter>Resource Files</Filter>
    </Image>
    <Image Include="res\fileview_hc.bmp">
      <Filter>Resource Files</Filter>
    </Image>
    <Image Include="res\classview.bmp">
      <Filter>Resource Files</Filter>
    </Image>
    <Image Include="res\classview_hc.bmp">
      <Filter>Resource Files</Filter>
    </Image>
    <Image Include="res\explorer.bmp">
      <Filter>Resource Files</Filter>
    </Image>
    <Image Include="res\explorer_hc.bmp">
      <Filter>Resource Files</Filter>
    </Image>
    <Image Include="res\sort.bmp">
      <Filter>Resource Files</Filter>
    </Image>
    <Image Include="res\sort_hc.bmp">
      <Filter>Resource Files</Filter>
    </Image>
    <Image Include="res\menuimages.bmp">
      <Filter>Resource Files</Filter>
    </Image>
    <Image Include="res\menuimages_hc.bmp">
      <Filter>Resource Files</Filter>
    </Image>
    <Image Include="res\properties_wnd.ico">
      <Filter>Resource Files</Filter>
    </Image>
    <Image Include="res\properties_wnd_hc.ico">
      <Filter>Resource Files</Filter>
    </Image>
    <Image Include="res\properties.bmp">
      <Filter>Resource Files</Filter>
    </Image>
    <Image Include="res\properties_hc.bmp">
      <Filter>Resource Files</Filter>
    </Image>
    <Image Include="UserImages.bmp">
      <Filter>Resource Files</Filter>
    </Image>
    <Image Include="res\3DEditorDoc.ico">
      <Filter>Resource Files</Filter>
    </Image>
    <Image Include="res\3DEditor.ico">
      <Filter>Resource Files</Filter>
    </Image>
    <Image Include="res\Toolbar.bmp">
      <Filter>Resource Files</Filter>
    </Image>
    <Image Include="res\Toolbar256.bmp">
      <Filter>Resource Files</Filter>
    </Image>
    <Image Include="res\bmp00001.bmp">
      <Filter>Resource Files</Filter>
    </Image>
    <Image Include="res\sort_24.bmp">
      <Filter>Resource Files</Filter>
    </Image>
  </ItemGroup>
  <ItemGroup>
    <None Include="res\My3DEditor.rc2">
      <Filter>Resource Files</Filter>
    </None>
    <None Include="..\JpegLoader\LibJpeg\.editorconfig" />
  </ItemGroup>
</Project>