<?xml version="1.0" encoding="utf-8"?>
<Project ToolsVersion="4.0" xmlns="http://schemas.microsoft.com/developer/msbuild/2003">
  <ItemGroup>
    <Filter Include="Source Files">
      <UniqueIdentifier>{4FC737F1-C7A5-4376-A066-2A32D752A2FF}</UniqueIdentifier>
      <Extensions>cpp;c;cc;cxx;def;odl;idl;hpj;bat;asm;asmx</Extensions>
    </Filter>
    <Filter Include="Header Files">
      <UniqueIdentifier>{93995380-89BD-4b04-88EB-625FBE52EBFB}</UniqueIdentifier>
      <Extensions>h;hh;hpp;hxx;hm;inl;inc;xsd</Extensions>
    </Filter>
    <Filter Include="Resource Files">
      <UniqueIdentifier>{67DA6AB6-F800-4c08-8B7A-83BB121AAD01}</UniqueIdentifier>
      <Extensions>rc;ico;cur;bmp;dlg;rc2;rct;bin;rgs;gif;jpg;jpeg;jpe;resx;tiff;tif;png;wav;mfcribbon-ms</Extensions>
    </Filter>
    <Filter Include="include">
      <UniqueIdentifier>{7e69532a-2079-46d3-9431-3e970ddf8ec4}</UniqueIdentifier>
    </Filter>
    <Filter Include="include\stb">
      <UniqueIdentifier>{3ecbe9d0-4c86-4a94-9179-01cfb8129e68}</UniqueIdentifier>
    </Filter>
    <Filter Include="glTF">
      <UniqueIdentifier>{cb4388bf-a302-4421-9fdb-7b42d6846606}</UniqueIdentifier>
    </Filter>
    <Filter Include="obj">
      <UniqueIdentifier>{4d0e0385-dabf-465d-b19d-bc9952c7dd70}</UniqueIdentifier>
    </Filter>
    <Filter Include="parsers">
      <UniqueIdentifier>{ba163f0d-bbc8-4916-85a9-4714e8de376d}</UniqueIdentifier>
    </Filter>
    <Filter Include="zip">
      <UniqueIdentifier>{06266f66-45de-452a-a3a5-f073149101bd}</UniqueIdentifier>
    </Filter>
  </ItemGroup>
  <ItemGroup>
    <Text Include="ReadMe.txt" />
    <Text Include="res\fragment_shader2.txt">
      <Filter>Resource Files</Filter>
    </Text>
    <Text Include="res\vertex_shader2.txt">
      <Filter>Resource Files</Filter>
    </Text>
  </ItemGroup>
  <ItemGroup>
    <ClInclude Include="3DEditor.h">
      <Filter>Header Files</Filter>
    </ClInclude>
    <ClInclude Include="stdafx.h">
      <Filter>Header Files</Filter>
    </ClInclude>
    <ClInclude Include="targetver.h">
      <Filter>Header Files</Filter>
    </ClInclude>
    <ClInclude Include="MainFrm.h">
      <Filter>Header Files</Filter>
    </ClInclude>
    <ClInclude Include="3DEditorDoc.h">
      <Filter>Header Files</Filter>
    </ClInclude>
    <ClInclude Include="3DEditorView.h">
      <Filter>Header Files</Filter>
    </ClInclude>
    <ClInclude Include="Resource.h">
      <Filter>Header Files</Filter>
    </ClInclude>
    <ClInclude Include="DesignTreeView.h">
      <Filter>Header Files</Filter>
    </ClInclude>
    <ClInclude Include="ClassView.h">
      <Filter>Header Files</Filter>
    </ClInclude>
    <ClInclude Include="PropertiesWnd.h">
      <Filter>Header Files</Filter>
    </ClInclude>
    <ClInclude Include="RDFModel.h">
      <Filter>Header Files</Filter>
    </ClInclude>
    <ClInclude Include="RDFController.h">
      <Filter>Header Files</Filter>
    </ClInclude>
    <ClInclude Include="RDFOpenGLView.h">
      <Filter>Header Files</Filter>
    </ClInclude>
    <ClInclude Include="RDFItem.h">
      <Filter>Header Files</Filter>
    </ClInclude>
    <ClInclude Include="EditObjectPropertyDialog.h">
      <Filter>Header Files</Filter>
    </ClInclude>
    <ClInclude Include="NewInstanceDialog.h">
      <Filter>Header Files</Filter>
    </ClInclude>
    <ClInclude Include="DesignTreeViewConsts.h">
      <Filter>Header Files</Filter>
    </ClInclude>
    <ClInclude Include="ClassViewConsts.h">
      <Filter>Header Files</Filter>
    </ClInclude>
    <ClInclude Include="SelectInstanceDialog.h">
      <Filter>Header Files</Filter>
    </ClInclude>
    <ClInclude Include="Vector.h">
      <Filter>Header Files</Filter>
    </ClInclude>
    <ClInclude Include="TestManager.h">
      <Filter>Header Files</Filter>
    </ClInclude>
    <ClInclude Include="Test.h">
      <Filter>Header Files</Filter>
    </ClInclude>
    <ClInclude Include="TestHtmlReport.h">
      <Filter>Header Files</Filter>
    </ClInclude>
    <ClInclude Include="conceptMesh.h">
      <Filter>Header Files</Filter>
    </ClInclude>
    <ClInclude Include="_dxf_parser.h">
      <Filter>Header Files</Filter>
    </ClInclude>
    <ClInclude Include="ProgressIndicator.h">
      <Filter>Header Files</Filter>
    </ClInclude>
    <ClInclude Include="SearchTreeCtrlDialog.h">
      <Filter>Header Files</Filter>
    </ClInclude>
    <ClInclude Include="TreeCtrlEx.h">
      <Filter>Header Files</Filter>
    </ClInclude>
    <ClInclude Include="RenameDialog.h">
      <Filter>Header Files</Filter>
    </ClInclude>
    <ClInclude Include="ProgressDialog.h">
      <Filter>Header Files</Filter>
    </ClInclude>
    <ClInclude Include="..\include\_3DUtils.h">
      <Filter>include</Filter>
    </ClInclude>
    <ClInclude Include="..\include\_geometry.h">
      <Filter>include</Filter>
    </ClInclude>
    <ClInclude Include="..\include\_material.h">
      <Filter>include</Filter>
    </ClInclude>
    <ClInclude Include="..\include\_mvc.h">
      <Filter>include</Filter>
    </ClInclude>
    <ClInclude Include="..\include\_oglUtils.h">
      <Filter>include</Filter>
    </ClInclude>
    <ClInclude Include="..\include\_quaterniond.h">
      <Filter>include</Filter>
    </ClInclude>
    <ClInclude Include="..\include\_settings_storage.h">
      <Filter>include</Filter>
    </ClInclude>
    <ClInclude Include="..\include\ascii.h">
      <Filter>include</Filter>
    </ClInclude>
    <ClInclude Include="..\include\_instance.h">
      <Filter>include</Filter>
    </ClInclude>
    <ClInclude Include="..\include\_ptr.h">
      <Filter>include</Filter>
    </ClInclude>
    <ClInclude Include="..\include\_rdf_geometry.h">
      <Filter>include</Filter>
    </ClInclude>
    <ClInclude Include="..\include\_rdf_instance.h">
      <Filter>include</Filter>
    </ClInclude>
    <ClInclude Include="..\include\_rdf_property.h">
      <Filter>include</Filter>
    </ClInclude>
    <ClInclude Include="..\include\_host.h">
      <Filter>include</Filter>
    </ClInclude>
    <ClInclude Include="..\include\_rdf_mvc.h">
      <Filter>include</Filter>
    </ClInclude>
    <ClInclude Include="..\include\_texture.h">
      <Filter>include</Filter>
    </ClInclude>
    <ClInclude Include="..\include\stb\stb_easy_font.h">
      <Filter>include\stb</Filter>
    </ClInclude>
    <ClInclude Include="..\include\stb\stb_image.h">
      <Filter>include\stb</Filter>
    </ClInclude>
    <ClInclude Include="..\include\_rdf_class.h">
      <Filter>include</Filter>
    </ClInclude>
    <ClInclude Include="..\include\_oglScene.h">
      <Filter>include</Filter>
    </ClInclude>
    <ClInclude Include="..\obj\_obj2bin.h">
      <Filter>obj</Filter>
    </ClInclude>
    <ClInclude Include="..\parsers\_errors.h">
      <Filter>parsers</Filter>
    </ClInclude>
    <ClInclude Include="..\parsers\_host.h">
      <Filter>parsers</Filter>
    </ClInclude>
    <ClInclude Include="..\parsers\_importer_t.h">
      <Filter>parsers</Filter>
    </ClInclude>
    <ClInclude Include="..\parsers\_io.h">
      <Filter>parsers</Filter>
    </ClInclude>
    <ClInclude Include="..\parsers\_json.h">
      <Filter>parsers</Filter>
    </ClInclude>
    <ClInclude Include="..\parsers\_log.h">
      <Filter>parsers</Filter>
    </ClInclude>
    <ClInclude Include="..\parsers\_reader.h">
      <Filter>parsers</Filter>
    </ClInclude>
    <ClInclude Include="..\parsers\_schema_storage.h">
      <Filter>parsers</Filter>
    </ClInclude>
    <ClInclude Include="..\parsers\_serialization.h">
      <Filter>parsers</Filter>
    </ClInclude>
    <ClInclude Include="..\parsers\_string.h">
      <Filter>parsers</Filter>
    </ClInclude>
    <ClInclude Include="..\parsers\_time.h">
      <Filter>parsers</Filter>
    </ClInclude>
    <ClInclude Include="..\gltf\_base64.h">
      <Filter>glTF</Filter>
    </ClInclude>
    <ClInclude Include="..\gltf\_bin2gltf.h">
      <Filter>glTF</Filter>
    </ClInclude>
    <ClInclude Include="..\gltf\_glb_importer.h">
      <Filter>glTF</Filter>
    </ClInclude>
    <ClInclude Include="..\gltf\_gltf_importer.h">
      <Filter>glTF</Filter>
    </ClInclude>
    <ClInclude Include="..\gltf\_gltf_importer_t.h">
      <Filter>glTF</Filter>
    </ClInclude>
    <ClInclude Include="..\gltf\_gltf2bin.h">
      <Filter>glTF</Filter>
    </ClInclude>
    <ClInclude Include="..\gltf\_guid.h">
      <Filter>glTF</Filter>
    </ClInclude>
    <ClInclude Include="..\gltf\_node.h">
      <Filter>glTF</Filter>
    </ClInclude>
    <ClInclude Include="..\gltf\_bin2glb.h">
      <Filter>glTF</Filter>
    </ClInclude>
    <ClInclude Include="..\include\displayName.h">
      <Filter>include</Filter>
    </ClInclude>
    <ClInclude Include="..\zip\miniz.h">
      <Filter>zip</Filter>
    </ClInclude>
    <ClInclude Include="..\zip\zip.h">
      <Filter>zip</Filter>
    </ClInclude>
    <ClInclude Include="DragFace.h">
      <Filter>Header Files</Filter>
    </ClInclude>
    <ClInclude Include="DragFace\DragFace.h">
      <Filter>Header Files</Filter>
    </ClInclude>
  </ItemGroup>
  <ItemGroup>
    <ClCompile Include="3DEditor.cpp">
      <Filter>Source Files</Filter>
    </ClCompile>
    <ClCompile Include="stdafx.cpp">
      <Filter>Source Files</Filter>
    </ClCompile>
    <ClCompile Include="MainFrm.cpp">
      <Filter>Source Files</Filter>
    </ClCompile>
    <ClCompile Include="3DEditorDoc.cpp">
      <Filter>Source Files</Filter>
    </ClCompile>
    <ClCompile Include="3DEditorView.cpp">
      <Filter>Source Files</Filter>
    </ClCompile>
    <ClCompile Include="DesignTreeView.cpp">
      <Filter>Source Files</Filter>
    </ClCompile>
    <ClCompile Include="ClassView.cpp">
      <Filter>Source Files</Filter>
    </ClCompile>
    <ClCompile Include="PropertiesWnd.cpp">
      <Filter>Source Files</Filter>
    </ClCompile>
    <ClCompile Include="RDFModel.cpp">
      <Filter>Source Files</Filter>
    </ClCompile>
    <ClCompile Include="RDFController.cpp">
      <Filter>Source Files</Filter>
    </ClCompile>
    <ClCompile Include="RDFOpenGLView.cpp">
      <Filter>Source Files</Filter>
    </ClCompile>
    <ClCompile Include="RDFItem.cpp">
      <Filter>Source Files</Filter>
    </ClCompile>
    <ClCompile Include="EditObjectPropertyDialog.cpp">
      <Filter>Source Files</Filter>
    </ClCompile>
    <ClCompile Include="NewInstanceDialog.cpp">
      <Filter>Source Files</Filter>
    </ClCompile>
    <ClCompile Include="SelectInstanceDialog.cpp">
      <Filter>Source Files</Filter>
    </ClCompile>
    <ClCompile Include="TestManager.cpp">
      <Filter>Source Files</Filter>
    </ClCompile>
    <ClCompile Include="Test.cpp">
      <Filter>Source Files</Filter>
    </ClCompile>
    <ClCompile Include="TestHtmlReport.cpp">
      <Filter>Source Files</Filter>
    </ClCompile>
    <ClCompile Include="conceptMesh.cpp">
      <Filter>Source Files</Filter>
    </ClCompile>
    <ClCompile Include="_dxf_parser.cpp">
      <Filter>Source Files</Filter>
    </ClCompile>
    <ClCompile Include="ProgressIndicator.cpp">
      <Filter>Source Files</Filter>
    </ClCompile>
    <ClCompile Include="SearchTreeCtrlDialog.cpp">
      <Filter>Source Files</Filter>
    </ClCompile>
    <ClCompile Include="TreeCtrlEx.cpp">
      <Filter>Source Files</Filter>
    </ClCompile>
    <ClCompile Include="RenameDialog.cpp">
      <Filter>Source Files</Filter>
    </ClCompile>
    <ClCompile Include="ProgressDialog.cpp">
      <Filter>Source Files</Filter>
    </ClCompile>
    <ClCompile Include="..\include\_geometry.cpp">
      <Filter>include</Filter>
    </ClCompile>
    <ClCompile Include="..\include\_mvc.cpp">
      <Filter>include</Filter>
    </ClCompile>
    <ClCompile Include="..\include\_oglUtils.cpp">
      <Filter>include</Filter>
    </ClCompile>
    <ClCompile Include="..\include\_rdf_property.cpp">
      <Filter>include</Filter>
    </ClCompile>
    <ClCompile Include="..\include\_rdf_geometry.cpp">
      <Filter>include</Filter>
    </ClCompile>
    <ClCompile Include="..\include\_rdf_instance.cpp">
      <Filter>include</Filter>
    </ClCompile>
    <ClCompile Include="..\include\_rdf_mvc.cpp">
      <Filter>include</Filter>
    </ClCompile>
    <ClCompile Include="..\include\stb\stb_image.cpp">
      <Filter>include\stb</Filter>
    </ClCompile>
    <ClCompile Include="..\include\_rdf_class.cpp">
      <Filter>include</Filter>
    </ClCompile>
    <ClCompile Include="..\obj\_obj2bin.cpp">
      <Filter>obj</Filter>
    </ClCompile>
    <ClCompile Include="..\parsers\_importer_t.cpp">
      <Filter>parsers</Filter>
    </ClCompile>
    <ClCompile Include="..\parsers\_json.cpp">
      <Filter>parsers</Filter>
    </ClCompile>
    <ClCompile Include="..\parsers\_reader.cpp">
      <Filter>parsers</Filter>
    </ClCompile>
    <ClCompile Include="..\parsers\_serialization.cpp">
      <Filter>parsers</Filter>
    </ClCompile>
    <ClCompile Include="..\gltf\_bin2gltf.cpp">
      <Filter>glTF</Filter>
    </ClCompile>
    <ClCompile Include="..\gltf\_glb_importer.cpp">
      <Filter>glTF</Filter>
    </ClCompile>
    <ClCompile Include="..\gltf\_gltf_importer.cpp">
      <Filter>glTF</Filter>
    </ClCompile>
    <ClCompile Include="..\gltf\_gltf_importer_t.cpp">
      <Filter>glTF</Filter>
    </ClCompile>
    <ClCompile Include="..\gltf\_gltf_importers.cpp">
      <Filter>glTF</Filter>
    </ClCompile>
    <ClCompile Include="..\gltf\_gltf2bin.cpp">
      <Filter>glTF</Filter>
    </ClCompile>
    <ClCompile Include="..\gltf\_node.cpp">
      <Filter>glTF</Filter>
    </ClCompile>
    <ClCompile Include="..\gltf\_bin2glb.cpp">
      <Filter>glTF</Filter>
    </ClCompile>
    <ClCompile Include="..\zip\zip.c">
      <Filter>zip</Filter>
    </ClCompile>
  </ItemGroup>
  <ItemGroup>
    <ResourceCompile Include="3DEditor.rc">
      <Filter>Resource Files</Filter>
    </ResourceCompile>
  </ItemGroup>
  <ItemGroup>
    <Image Include="res\file_view.ico">
      <Filter>Resource Files</Filter>
    </Image>
    <Image Include="res\file_view_hc.ico">
      <Filter>Resource Files</Filter>
    </Image>
    <Image Include="res\class_view.ico">
      <Filter>Resource Files</Filter>
    </Image>
    <Image Include="res\class_view_hc.ico">
      <Filter>Resource Files</Filter>
    </Image>
    <Image Include="res\fileview.bmp">
      <Filter>Resource Files</Filter>
    </Image>
    <Image Include="res\fileview_hc.bmp">
      <Filter>Resource Files</Filter>
    </Image>
    <Image Include="res\classview.bmp">
      <Filter>Resource Files</Filter>
    </Image>
    <Image Include="res\classview_hc.bmp">
      <Filter>Resource Files</Filter>
    </Image>
    <Image Include="res\explorer.bmp">
      <Filter>Resource Files</Filter>
    </Image>
    <Image Include="res\explorer_hc.bmp">
      <Filter>Resource Files</Filter>
    </Image>
    <Image Include="res\sort.bmp">
      <Filter>Resource Files</Filter>
    </Image>
    <Image Include="res\sort_hc.bmp">
      <Filter>Resource Files</Filter>
    </Image>
    <Image Include="res\menuimages.bmp">
      <Filter>Resource Files</Filter>
    </Image>
    <Image Include="res\menuimages_hc.bmp">
      <Filter>Resource Files</Filter>
    </Image>
    <Image Include="res\properties_wnd.ico">
      <Filter>Resource Files</Filter>
    </Image>
    <Image Include="res\properties_wnd_hc.ico">
      <Filter>Resource Files</Filter>
    </Image>
    <Image Include="res\properties.bmp">
      <Filter>Resource Files</Filter>
    </Image>
    <Image Include="res\properties_hc.bmp">
      <Filter>Resource Files</Filter>
    </Image>
    <Image Include="UserImages.bmp">
      <Filter>Resource Files</Filter>
    </Image>
    <Image Include="res\3DEditorDoc.ico">
      <Filter>Resource Files</Filter>
    </Image>
    <Image Include="res\3DEditor.ico">
      <Filter>Resource Files</Filter>
    </Image>
    <Image Include="res\Toolbar.bmp">
      <Filter>Resource Files</Filter>
    </Image>
    <Image Include="res\Toolbar256.bmp">
      <Filter>Resource Files</Filter>
    </Image>
    <Image Include="res\bmp00001.bmp">
      <Filter>Resource Files</Filter>
    </Image>
    <Image Include="res\sort_24.bmp">
      <Filter>Resource Files</Filter>
    </Image>
  </ItemGroup>
  <ItemGroup>
    <None Include="res\My3DEditor.rc2">
      <Filter>Resource Files</Filter>
    </None>
    <None Include="res\Shader.frag">
      <Filter>Resource Files</Filter>
    </None>
    <None Include="res\Shader.vert">
      <Filter>Resource Files</Filter>
    </None>
    <None Include="..\include\stb\.editorconfig">
      <Filter>include\stb</Filter>
    </None>
  </ItemGroup>
</Project>